
Microsoft Visual Studio Solution File, Format Version 12.00
# Visual Studio Version 17
VisualStudioVersion = 17.0.31903.59
MinimumVisualStudioVersion = 10.0.40219.1
Project("{2150E333-8FDC-42A3-9474-1A3956D46DE8}") = "src", "src", "{A1B2C3D4-E5F6-7890-ABCD-EF1234567890}"
EndProject
Project("{2150E333-8FDC-42A3-9474-1A3956D46DE8}") = "tests", "tests", "{B2C3D4E5-F6A7-8901-BCDE-F12345678901}"
EndProject
Project("{9A19103F-16F7-4668-BE54-9A1E7A4F7556}") = "FactuTrust.Domain", "FactuTrust.Domain\FactuTrust.Domain.csproj", "{C3D4E5F6-A7B8-9012-CDEF-123456789012}"
EndProject
Project("{9A19103F-16F7-4668-BE54-9A1E7A4F7556}") = "FactuTrust.Application", "FactuTrust.Application\FactuTrust.Application.csproj", "{D4E5F6A7-B8C9-0123-DEF0-234567890123}"
EndProject
Project("{9A19103F-16F7-4668-BE54-9A1E7A4F7556}") = "FactuTrust.Infrastructure", "FactuTrust.Infrastructure\FactuTrust.Infrastructure.csproj", "{E5F6A7B8-C9D0-1234-EF01-345678901234}"
EndProject
Project("{9A19103F-16F7-4668-BE54-9A1E7A4F7556}") = "FactuTrust.API", "FactuTrust.API\FactuTrust.API.csproj", "{F6A7B8C9-D0E1-2345-F012-456789012345}"
EndProject
Project("{FAE04EC0-301F-11D3-BF4B-00C04F79EFBC}") = "FactuTrust.AuditChainRepair", "FactuTrust.AuditChainRepair\FactuTrust.AuditChainRepair.csproj", "{43889128-DA25-4995-961F-8EF5ED2B6DFC}"
EndProject
Project("{FAE04EC0-301F-11D3-BF4B-00C04F79EFBC}") = "FactuTrust.Infrastructure.Tests", "tests\FactuTrust.Infrastructure.Tests\FactuTrust.Infrastructure.Tests.csproj", "{6A91B45D-60E9-4112-ADEC-C9A4F491DDCB}"
EndProject
Project("{FAE04EC0-301F-11D3-BF4B-00C04F79EFBC}") = "FactuTrust.API.Tests", "tests\FactuTrust.API.Tests\FactuTrust.API.Tests.csproj", "{CCABF994-BF3A-465B-894C-5C01FA6A6115}"
EndProject
Global
	GlobalSection(SolutionConfigurationPlatforms) = preSolution
		Debug|Any CPU = Debug|Any CPU
		Debug|x64 = Debug|x64
		Debug|x86 = Debug|x86
		Release|Any CPU = Release|Any CPU
		Release|x64 = Release|x64
		Release|x86 = Release|x86
	EndGlobalSection
	GlobalSection(ProjectConfigurationPlatforms) = postSolution
		{C3D4E5F6-A7B8-9012-CDEF-123456789012}.Debug|Any CPU.ActiveCfg = Debug|Any CPU
		{C3D4E5F6-A7B8-9012-CDEF-123456789012}.Debug|Any CPU.Build.0 = Debug|Any CPU
		{C3D4E5F6-A7B8-9012-CDEF-123456789012}.Debug|x64.ActiveCfg = Debug|Any CPU
		{C3D4E5F6-A7B8-9012-CDEF-123456789012}.Debug|x64.Build.0 = Debug|Any CPU
		{C3D4E5F6-A7B8-9012-CDEF-123456789012}.Debug|x86.ActiveCfg = Debug|Any CPU
		{C3D4E5F6-A7B8-9012-CDEF-123456789012}.Debug|x86.Build.0 = Debug|Any CPU
		{C3D4E5F6-A7B8-9012-CDEF-123456789012}.Release|Any CPU.ActiveCfg = Release|Any CPU
		{C3D4E5F6-A7B8-9012-CDEF-123456789012}.Release|Any CPU.Build.0 = Release|Any CPU
		{C3D4E5F6-A7B8-9012-CDEF-123456789012}.Release|x64.ActiveCfg = Release|Any CPU
		{C3D4E5F6-A7B8-9012-CDEF-123456789012}.Release|x64.Build.0 = Release|Any CPU
		{C3D4E5F6-A7B8-9012-CDEF-123456789012}.Release|x86.ActiveCfg = Release|Any CPU
		{C3D4E5F6-A7B8-9012-CDEF-123456789012}.Release|x86.Build.0 = Release|Any CPU
		{D4E5F6A7-B8C9-0123-DEF0-234567890123}.Debug|Any CPU.ActiveCfg = Debug|Any CPU
		{D4E5F6A7-B8C9-0123-DEF0-234567890123}.Debug|Any CPU.Build.0 = Debug|Any CPU
		{D4E5F6A7-B8C9-0123-DEF0-234567890123}.Debug|x64.ActiveCfg = Debug|Any CPU
		{D4E5F6A7-B8C9-0123-DEF0-234567890123}.Debug|x64.Build.0 = Debug|Any CPU
		{D4E5F6A7-B8C9-0123-DEF0-234567890123}.Debug|x86.ActiveCfg = Debug|Any CPU
		{D4E5F6A7-B8C9-0123-DEF0-234567890123}.Debug|x86.Build.0 = Debug|Any CPU
		{D4E5F6A7-B8C9-0123-DEF0-234567890123}.Release|Any CPU.ActiveCfg = Release|Any CPU
		{D4E5F6A7-B8C9-0123-DEF0-234567890123}.Release|Any CPU.Build.0 = Release|Any CPU
		{D4E5F6A7-B8C9-0123-DEF0-234567890123}.Release|x64.ActiveCfg = Release|Any CPU
		{D4E5F6A7-B8C9-0123-DEF0-234567890123}.Release|x64.Build.0 = Release|Any CPU
		{D4E5F6A7-B8C9-0123-DEF0-234567890123}.Release|x86.ActiveCfg = Release|Any CPU
		{D4E5F6A7-B8C9-0123-DEF0-234567890123}.Release|x86.Build.0 = Release|Any CPU
		{E5F6A7B8-C9D0-1234-EF01-345678901234}.Debug|Any CPU.ActiveCfg = Debug|Any CPU
		{E5F6A7B8-C9D0-1234-EF01-345678901234}.Debug|Any CPU.Build.0 = Debug|Any CPU
		{E5F6A7B8-C9D0-1234-EF01-345678901234}.Debug|x64.ActiveCfg = Debug|Any CPU
		{E5F6A7B8-C9D0-1234-EF01-345678901234}.Debug|x64.Build.0 = Debug|Any CPU
		{E5F6A7B8-C9D0-1234-EF01-345678901234}.Debug|x86.ActiveCfg = Debug|Any CPU
		{E5F6A7B8-C9D0-1234-EF01-345678901234}.Debug|x86.Build.0 = Debug|Any CPU
		{E5F6A7B8-C9D0-1234-EF01-345678901234}.Release|Any CPU.ActiveCfg = Release|Any CPU
		{E5F6A7B8-C9D0-1234-EF01-345678901234}.Release|Any CPU.Build.0 = Release|Any CPU
		{E5F6A7B8-C9D0-1234-EF01-345678901234}.Release|x64.ActiveCfg = Release|Any CPU
		{E5F6A7B8-C9D0-1234-EF01-345678901234}.Release|x64.Build.0 = Release|Any CPU
		{E5F6A7B8-C9D0-1234-EF01-345678901234}.Release|x86.ActiveCfg = Release|Any CPU
		{E5F6A7B8-C9D0-1234-EF01-345678901234}.Release|x86.Build.0 = Release|Any CPU
		{F6A7B8C9-D0E1-2345-F012-456789012345}.Debug|Any CPU.ActiveCfg = Debug|Any CPU
		{F6A7B8C9-D0E1-2345-F012-456789012345}.Debug|Any CPU.Build.0 = Debug|Any CPU
		{F6A7B8C9-D0E1-2345-F012-456789012345}.Debug|x64.ActiveCfg = Debug|Any CPU
		{F6A7B8C9-D0E1-2345-F012-456789012345}.Debug|x64.Build.0 = Debug|Any CPU
		{F6A7B8C9-D0E1-2345-F012-456789012345}.Debug|x86.ActiveCfg = Debug|Any CPU
		{F6A7B8C9-D0E1-2345-F012-456789012345}.Debug|x86.Build.0 = Debug|Any CPU
		{F6A7B8C9-D0E1-2345-F012-456789012345}.Release|Any CPU.ActiveCfg = Release|Any CPU
		{F6A7B8C9-D0E1-2345-F012-456789012345}.Release|Any CPU.Build.0 = Release|Any CPU
		{F6A7B8C9-D0E1-2345-F012-456789012345}.Release|x64.ActiveCfg = Release|Any CPU
		{F6A7B8C9-D0E1-2345-F012-456789012345}.Release|x64.Build.0 = Release|Any CPU
		{F6A7B8C9-D0E1-2345-F012-456789012345}.Release|x86.ActiveCfg = Release|Any CPU
		{F6A7B8C9-D0E1-2345-F012-456789012345}.Release|x86.Build.0 = Release|Any CPU
		{43889128-DA25-4995-961F-8EF5ED2B6DFC}.Debug|Any CPU.ActiveCfg = Debug|Any CPU
		{43889128-DA25-4995-961F-8EF5ED2B6DFC}.Debug|Any CPU.Build.0 = Debug|Any CPU
		{43889128-DA25-4995-961F-8EF5ED2B6DFC}.Debug|x64.ActiveCfg = Debug|Any CPU
		{43889128-DA25-4995-961F-8EF5ED2B6DFC}.Debug|x64.Build.0 = Debug|Any CPU
		{43889128-DA25-4995-961F-8EF5ED2B6DFC}.Debug|x86.ActiveCfg = Debug|Any CPU
		{43889128-DA25-4995-961F-8EF5ED2B6DFC}.Debug|x86.Build.0 = Debug|Any CPU
		{43889128-DA25-4995-961F-8EF5ED2B6DFC}.Release|Any CPU.ActiveCfg = Release|Any CPU
		{43889128-DA25-4995-961F-8EF5ED2B6DFC}.Release|Any CPU.Build.0 = Release|Any CPU
		{43889128-DA25-4995-961F-8EF5ED2B6DFC}.Release|x64.ActiveCfg = Release|Any CPU
		{43889128-DA25-4995-961F-8EF5ED2B6DFC}.Release|x64.Build.0 = Release|Any CPU
		{43889128-DA25-4995-961F-8EF5ED2B6DFC}.Release|x86.ActiveCfg = Release|Any CPU
		{43889128-DA25-4995-961F-8EF5ED2B6DFC}.Release|x86.Build.0 = Release|Any CPU
		{6A91B45D-60E9-4112-ADEC-C9A4F491DDCB}.Debug|Any CPU.ActiveCfg = Debug|Any CPU
		{6A91B45D-60E9-4112-ADEC-C9A4F491DDCB}.Debug|Any CPU.Build.0 = Debug|Any CPU
		{6A91B45D-60E9-4112-ADEC-C9A4F491DDCB}.Debug|x64.ActiveCfg = Debug|Any CPU
		{6A91B45D-60E9-4112-ADEC-C9A4F491DDCB}.Debug|x64.Build.0 = Debug|Any CPU
		{6A91B45D-60E9-4112-ADEC-C9A4F491DDCB}.Debug|x86.ActiveCfg = Debug|Any CPU
		{6A91B45D-60E9-4112-ADEC-C9A4F491DDCB}.Debug|x86.Build.0 = Debug|Any CPU
		{6A91B45D-60E9-4112-ADEC-C9A4F491DDCB}.Release|Any CPU.ActiveCfg = Release|Any CPU
		{6A91B45D-60E9-4112-ADEC-C9A4F491DDCB}.Release|Any CPU.Build.0 = Release|Any CPU
		{6A91B45D-60E9-4112-ADEC-C9A4F491DDCB}.Release|x64.ActiveCfg = Release|Any CPU
		{6A91B45D-60E9-4112-ADEC-C9A4F491DDCB}.Release|x64.Build.0 = Release|Any CPU
		{6A91B45D-60E9-4112-ADEC-C9A4F491DDCB}.Release|x86.ActiveCfg = Release|Any CPU
		{6A91B45D-60E9-4112-ADEC-C9A4F491DDCB}.Release|x86.Build.0 = Release|Any CPU
		{CCABF994-BF3A-465B-894C-5C01FA6A6115}.Debug|Any CPU.ActiveCfg = Debug|Any CPU
		{CCABF994-BF3A-465B-894C-5C01FA6A6115}.Debug|Any CPU.Build.0 = Debug|Any CPU
		{CCABF994-BF3A-465B-894C-5C01FA6A6115}.Debug|x64.ActiveCfg = Debug|Any CPU
		{CCABF994-BF3A-465B-894C-5C01FA6A6115}.Debug|x64.Build.0 = Debug|Any CPU
		{CCABF994-BF3A-465B-894C-5C01FA6A6115}.Debug|x86.ActiveCfg = Debug|Any CPU
		{CCABF994-BF3A-465B-894C-5C01FA6A6115}.Debug|x86.Build.0 = Debug|Any CPU
		{CCABF994-BF3A-465B-894C-5C01FA6A6115}.Release|Any CPU.ActiveCfg = Release|Any CPU
		{CCABF994-BF3A-465B-894C-5C01FA6A6115}.Release|Any CPU.Build.0 = Release|Any CPU
		{CCABF994-BF3A-465B-894C-5C01FA6A6115}.Release|x64.ActiveCfg = Release|Any CPU
		{CCABF994-BF3A-465B-894C-5C01FA6A6115}.Release|x64.Build.0 = Release|Any CPU
		{CCABF994-BF3A-465B-894C-5C01FA6A6115}.Release|x86.ActiveCfg = Release|Any CPU
		{CCABF994-BF3A-465B-894C-5C01FA6A6115}.Release|x86.Build.0 = Release|Any CPU
	EndGlobalSection
	GlobalSection(SolutionProperties) = preSolution
		HideSolutionNode = FALSE
	EndGlobalSection
	GlobalSection(NestedProjects) = preSolution
		{C3D4E5F6-A7B8-9012-CDEF-123456789012} = {A1B2C3D4-E5F6-7890-ABCD-EF1234567890}
		{D4E5F6A7-B8C9-0123-DEF0-234567890123} = {A1B2C3D4-E5F6-7890-ABCD-EF1234567890}
		{E5F6A7B8-C9D0-1234-EF01-345678901234} = {A1B2C3D4-E5F6-7890-ABCD-EF1234567890}
		{F6A7B8C9-D0E1-2345-F012-456789012345} = {A1B2C3D4-E5F6-7890-ABCD-EF1234567890}
		{6A91B45D-60E9-4112-ADEC-C9A4F491DDCB} = {B2C3D4E5-F6A7-8901-BCDE-F12345678901}
		{CCABF994-BF3A-465B-894C-5C01FA6A6115} = {B2C3D4E5-F6A7-8901-BCDE-F12345678901}
	EndGlobalSection
EndGlobal
